
Microsoft Visual Studio Solution File, Format Version 12.00
# Visual Studio Version 16
VisualStudioVersion = 16.0.29424.173
MinimumVisualStudioVersion = 10.0.40219.1
Project("{9A19103F-16F7-4668-BE54-9A1E7A4F7556}") = "Logger", "Logger\Logger.csproj", "{2C5F56CC-A688-4F45-9B31-A2CD61ACBEE9}"
EndProject
Project("{FAE04EC0-301F-11D3-BF4B-00C04F79EFBC}") = "LoggerTest", "LoggerTest\LoggerTest.csproj", "{A57DD64F-84A2-49A7-B9C9-624AC85106FA}"
EndProject
Global
	GlobalSection(SolutionConfigurationPlatforms) = preSolution
		Debug|Any CPU = Debug|Any CPU
		Release|Any CPU = Release|Any CPU
	EndGlobalSection
	GlobalSection(ProjectConfigurationPlatforms) = postSolution
		{2C5F56CC-A688-4F45-9B31-A2CD61ACBEE9}.Debug|Any CPU.ActiveCfg = Debug|Any CPU
		{2C5F56CC-A688-4F45-9B31-A2CD61ACBEE9}.Debug|Any CPU.Build.0 = Debug|Any CPU
		{2C5F56CC-A688-4F45-9B31-A2CD61ACBEE9}.Release|Any CPU.ActiveCfg = Release|Any CPU
		{2C5F56CC-A688-4F45-9B31-A2CD61ACBEE9}.Release|Any CPU.Build.0 = Release|Any CPU
		{A57DD64F-84A2-49A7-B9C9-624AC85106FA}.Debug|Any CPU.ActiveCfg = Debug|Any CPU
		{A57DD64F-84A2-49A7-B9C9-624AC85106FA}.Debug|Any CPU.Build.0 = Debug|Any CPU
		{A57DD64F-84A2-49A7-B9C9-624AC85106FA}.Release|Any CPU.ActiveCfg = Release|Any CPU
		{A57DD64F-84A2-49A7-B9C9-624AC85106FA}.Release|Any CPU.Build.0 = Release|Any CPU
	EndGlobalSection
	GlobalSection(SolutionProperties) = preSolution
		HideSolutionNode = FALSE
	EndGlobalSection
	GlobalSection(ExtensibilityGlobals) = postSolution
		SolutionGuid = {6035D2B4-AA8F-4432-8DF9-D3BB9E02D69E}
	EndGlobalSection
EndGlobal
